
Microsoft Visual Studio Solution File, Format Version 12.00
# Visual Studio Version 17
VisualStudioVersion = 17.10.35122.118
MinimumVisualStudioVersion = 10.0.40219.1
Project("{9A19103F-16F7-4668-BE54-9A1E7A4F7556}") = "BookWiseSaas.Domain", "BookWiseSaas.Domain\BookWiseSaas.Domain.csproj", "{5BBBE796-421D-4A7A-A0CD-154F294A20E4}"
EndProject
Project("{9A19103F-16F7-4668-BE54-9A1E7A4F7556}") = "BookWiseSaas.Application", "BookWiseSaas.Application\BookWiseSaas.Application.csproj", "{FD71F370-08EA-4CFE-9841-6E3712E9F61D}"
EndProject
Project("{9A19103F-16F7-4668-BE54-9A1E7A4F7556}") = "BookWiseSaas.Infrastructure", "BookWiseSaas.Infrasstructure\BookWiseSaas.Infrastructure.csproj", "{182FE49C-9CC6-4116-9F0A-0DA86D053F30}"
EndProject
Project("{9A19103F-16F7-4668-BE54-9A1E7A4F7556}") = "BookWiseSaas.WebApi", "BookWiseSaas.WebApi\BookWiseSaas.WebApi.csproj", "{516B4214-46F7-4DA0-A9D9-7D5A42033DDB}"
EndProject
Project("{FAE04EC0-301F-11D3-BF4B-00C04F79EFBC}") = "BookWiseSaas.WasmClient", "BookWiseSaas.WasmClient\BookWiseSaas.WasmClient.csproj", "{750FA7EE-20FC-4E16-AEDF-2C85BFCB7904}"
EndProject
Global
	GlobalSection(SolutionConfigurationPlatforms) = preSolution
		Debug|Any CPU = Debug|Any CPU
		Release|Any CPU = Release|Any CPU
	EndGlobalSection
	GlobalSection(ProjectConfigurationPlatforms) = postSolution
		{5BBBE796-421D-4A7A-A0CD-154F294A20E4}.Debug|Any CPU.ActiveCfg = Debug|Any CPU
		{5BBBE796-421D-4A7A-A0CD-154F294A20E4}.Debug|Any CPU.Build.0 = Debug|Any CPU
		{5BBBE796-421D-4A7A-A0CD-154F294A20E4}.Release|Any CPU.ActiveCfg = Release|Any CPU
		{5BBBE796-421D-4A7A-A0CD-154F294A20E4}.Release|Any CPU.Build.0 = Release|Any CPU
		{FD71F370-08EA-4CFE-9841-6E3712E9F61D}.Debug|Any CPU.ActiveCfg = Debug|Any CPU
		{FD71F370-08EA-4CFE-9841-6E3712E9F61D}.Debug|Any CPU.Build.0 = Debug|Any CPU
		{FD71F370-08EA-4CFE-9841-6E3712E9F61D}.Release|Any CPU.ActiveCfg = Release|Any CPU
		{FD71F370-08EA-4CFE-9841-6E3712E9F61D}.Release|Any CPU.Build.0 = Release|Any CPU
		{182FE49C-9CC6-4116-9F0A-0DA86D053F30}.Debug|Any CPU.ActiveCfg = Debug|Any CPU
		{182FE49C-9CC6-4116-9F0A-0DA86D053F30}.Debug|Any CPU.Build.0 = Debug|Any CPU
		{182FE49C-9CC6-4116-9F0A-0DA86D053F30}.Release|Any CPU.ActiveCfg = Release|Any CPU
		{182FE49C-9CC6-4116-9F0A-0DA86D053F30}.Release|Any CPU.Build.0 = Release|Any CPU
		{516B4214-46F7-4DA0-A9D9-7D5A42033DDB}.Debug|Any CPU.ActiveCfg = Debug|Any CPU
		{516B4214-46F7-4DA0-A9D9-7D5A42033DDB}.Debug|Any CPU.Build.0 = Debug|Any CPU
		{516B4214-46F7-4DA0-A9D9-7D5A42033DDB}.Release|Any CPU.ActiveCfg = Release|Any CPU
		{516B4214-46F7-4DA0-A9D9-7D5A42033DDB}.Release|Any CPU.Build.0 = Release|Any CPU
		{750FA7EE-20FC-4E16-AEDF-2C85BFCB7904}.Debug|Any CPU.ActiveCfg = Debug|Any CPU
		{750FA7EE-20FC-4E16-AEDF-2C85BFCB7904}.Debug|Any CPU.Build.0 = Debug|Any CPU
		{750FA7EE-20FC-4E16-AEDF-2C85BFCB7904}.Release|Any CPU.ActiveCfg = Release|Any CPU
		{750FA7EE-20FC-4E16-AEDF-2C85BFCB7904}.Release|Any CPU.Build.0 = Release|Any CPU
	EndGlobalSection
	GlobalSection(SolutionProperties) = preSolution
		HideSolutionNode = FALSE
	EndGlobalSection
	GlobalSection(ExtensibilityGlobals) = postSolution
		SolutionGuid = {D2E38916-4C95-411B-BB99-96D7606E0FC2}
	EndGlobalSection
EndGlobal
